{
    "_readme": [
        "This file locks the dependencies of your project to a known state",
        "Read more about it at http://getcomposer.org/doc/01-basic-usage.md#composer-lock-the-lock-file"
    ],
    "hash": "56ab3521c8eabecd633a0c6d6da1143d",
    "packages": [
        {
            "name": "kennisnet/forwarding-rules",
            "version": "dev-master",
            "source": {
                "type": "git",
                "url": "https://github.com/fenuz/forwarding-rules.git",
                "reference": "cbac87c66f7a96ddbb4007f5806009d497690bc9"
            },
            "require": {
                "kennisnet/yourls-plugin-installer": "dev-master"
            },
            "type": "yourls-plugin",
            "license": [
                "proprietary"
            ],
            "authors": [
                {
                    "name": "Frank Matheron",
                    "email": "frankmatheron@gmail.com"
                }
            ],
            "description": "yourls plugin that defines redirection rules",
            "time": "2013-08-30 15:37:08"
        },
        {
            "name": "kennisnet/forwarding-rules-strip-index",
            "version": "dev-master",
            "source": {
                "type": "git",
                "url": "https://github.com/fenuz/forwarding-rules-strip-index.git",
                "reference": "cc8a0f06e6a7aa8f1ac8c6e2b064274a65a459cc"
            },
            "require": {
                "kennisnet/yourls-plugin-installer": "dev-master"
            },
            "type": "yourls-plugin",
            "license": [
                "proprietary"
            ],
            "authors": [
                {
                    "name": "Frank Matheron",
                    "email": "frankmatheron@gmail.com"
                }
            ],
            "description": "forwarding-rules filter that adds request variants with index.php (or html, htm) removed.",
            "time": "2013-08-30 15:38:33"
        },
        {
            "name": "kennisnet/separate-users-authmgr",
            "version": "dev-master",
            "source": {
                "type": "git",
                "url": "https://github.com/fenuz/separate-users-authmgr.git",
                "reference": "c406072bc09d21ccfbf6219ee29ce96f4c2b8b53"
            },
            "require": {
                "kennisnet/yourls-plugin-installer": "dev-master"
            },
            "type": "yourls-plugin",
            "license": [
                "proprietary"
            ],
            "authors": [
                {
                    "name": "Frank Matheron",
                    "email": "frankmatheron@gmail.com"
                }
            ],
            "description": "Integration between separate-users and authmgr Yourls plugins",
            "time": "2013-08-29 12:17:04"
        },
        {
            "name": "kennisnet/yourls-302-redirects",
            "version": "dev-master",
            "source": {
                "type": "git",
                "url": "https://github.com/fenuz/yourls-302-redirects.git",
                "reference": "6d328b0c61cc441ade4a97ca41a9f0a2514d5fe6"
            },
            "require": {
                "kennisnet/yourls-plugin-installer": "dev-master"
            },
            "type": "yourls-plugin",
            "license": [
                "proprietary"
            ],
            "authors": [
                {
                    "name": "Frank Matheron",
                    "email": "frankmatheron@gmail.com"
                }
            ],
            "description": "Use 302 redirects to prevent browser caching keyword redirects. ",
            "time": "2013-08-30 15:36:27"
        },
        {
            "name": "kennisnet/yourls-admin-url",
            "version": "dev-master",
            "source": {
                "type": "git",
                "url": "https://github.com/fenuz/yourls-admin-url.git",
                "reference": "0f663854d80aaec44523a879255191aa7aee8d2f"
            },
            "require": {
                "kennisnet/yourls-plugin-installer": "dev-master"
            },
            "type": "yourls-plugin",
            "license": [
                "proprietary"
            ],
            "authors": [
                {
                    "name": "Frank Matheron",
                    "email": "frankmatheron@gmail.com"
                }
            ],
            "description": "customize the yourls admin url",
            "time": "2013-08-30 14:07:54"
        },
        {
            "name": "kennisnet/yourls-authmgr-plugin",
            "version": "dev-master",
            "source": {
                "type": "git",
                "url": "https://github.com/fenuz/yourls-authmgr-plugin.git",
                "reference": "6c0dc1675fe62ec96ef3d29cd735e5ade3d3c396"
            },
            "require": {
                "kennisnet/yourls-plugin-installer": "dev-master"
            },
            "type": "yourls-plugin",
            "license": [
                "proprietary"
            ],
            "authors": [
                {
                    "name": "Frank Matheron",
                    "email": "frankmatheron@gmail.com"
                }
            ],
            "description": "Fork of the yourls-authmgr-plugin on https://github.com/nicwaller/yourls-authmgr-plugin by nicwaller",
            "time": "2013-08-30 15:38:17"
        },
        {
            "name": "kennisnet/yourls-comscore",
            "version": "dev-master",
            "source": {
                "type": "git",
                "url": "https://github.com/fenuz/yourls-comscore.git",
                "reference": "ab5cd1bfa7c7453193ef1715c3cccac4846f0935"
            },
            "require": {
                "kennisnet/yourls-plugin-installer": "dev-master"
            },
            "type": "yourls-plugin",
            "license": [
                "proprietary"
            ],
            "authors": [
                {
                    "name": "Frank Matheron",
                    "email": "frankmatheron@gmail.com"
                }
            ],
            "description": "Yourls plugin that logs redirects in ComScore",
            "time": "2013-08-30 15:37:50"
        },
        {
            "name": "kennisnet/yourls-cookie-domain",
            "version": "dev-master",
            "source": {
                "type": "git",
                "url": "https://github.com/fenuz/yourls-cookie-domain.git",
                "reference": "78d2eed3e098372916e0904275a5ebbf33c3095b"
            },
            "require": {
                "kennisnet/yourls-plugin-installer": "dev-master"
            },
            "type": "yourls-plugin",
            "license": [
                "proprietary"
            ],
            "authors": [
                {
                    "name": "Frank Matheron",
                    "email": "frankmatheron@gmail.com"
                }
            ],
            "description": "yourls plugin changes the cookie domain",
            "time": "2013-08-29 11:58:31"
        },
        {
            "name": "kennisnet/yourls-dont-track-admins",
            "version": "dev-master",
            "source": {
                "type": "git",
                "url": "https://github.com/fenuz/yourls-dont-track-admins.git",
                "reference": "ecd9dea5f2fb1f81b9dad53d4e4b0715569beab5"
            },
            "require": {
                "kennisnet/yourls-plugin-installer": "dev-master"
            },
            "type": "yourls-plugin",
            "license": [
                "proprietary"
            ],
            "authors": [
                {
                    "name": "dgw",
                    "homepage": "http://technobabbl.es/"
                },
                {
                    "name": "Frank Matheron",
                    "email": "frankmatheron@gmail.com"
                }
            ],
            "description": "A plugin for YOURLS (the self-hosted URL shortener) that disables tracking clicks on shortened URLs for logged-in users.",
            "time": "2013-08-30 13:01:48"
        },
        {
            "name": "kennisnet/yourls-kennisnet-theme",
            "version": "dev-master",
            "source": {
                "type": "git",
                "url": "https://github.com/fenuz/yourls-kennisnet-theme.git",
                "reference": "c40f6836139d81732b05523db2494648f94ef24c"
            },
            "require": {
                "kennisnet/yourls-plugin-installer": "dev-master"
            },
            "type": "yourls-plugin",
            "license": [
                "proprietary"
            ],
            "authors": [
                {
                    "name": "Frank Matheron",
                    "email": "frankmatheron@gmail.com"
                }
            ],
            "description": "yourls plugin changes the appearance of YOURLS",
            "time": "2013-08-30 15:37:32"
        },
        {
            "name": "kennisnet/yourls-plugin-installer",
            "version": "dev-master",
            "source": {
                "type": "git",
                "url": "https://github.com/fenuz/yourls-plugin-installer.git",
                "reference": "c6ef6103ae105441653ea0aaebe7ac8772657a00"
            },
            "require-dev": {
                "composer/composer": "dev-master"
            },
            "type": "composer-installer",
            "extra": {
                "class": "Kennisnet\\Yourls\\Composer\\PluginInstaller"
            },
            "autoload": {
                "psr-0": {
                    "Kennisnet\\Yourls\\Composer": "lib"
                }
            },
            "license": [
                "proprietary"
            ],
            "description": "Composer installer for Yourls plugins",
            "time": "2013-06-10 15:53:08"
        }
    ],
    "packages-dev": [

    ],
    "aliases": [

    ],
    "minimum-stability": "stable",
    "stability-flags": {
        "kennisnet/yourls-plugin-installer": 20,
        "kennisnet/forwarding-rules": 20,
        "kennisnet/forwarding-rules-strip-index": 20,
        "kennisnet/yourls-302-redirects": 20,
        "kennisnet/yourls-authmgr-plugin": 20,
        "kennisnet/yourls-comscore": 20,
        "kennisnet/yourls-kennisnet-theme": 20,
        "kennisnet/yourls-cookie-domain": 20,
        "kennisnet/separate-users-authmgr": 20,
        "kennisnet/yourls-admin-url": 20,
        "kennisnet/yourls-dont-track-admins": 20
    },
    "platform": [

    ],
    "platform-dev": [

    ]
}
